
Microsoft Visual Studio Solution File, Format Version 12.00
# Visual Studio 15
VisualStudioVersion = 15.0.27703.2035
MinimumVisualStudioVersion = 10.0.40219.1
Project("{FAE04EC0-301F-11D3-BF4B-00C04F79EFBC}") = "FirstMVCWebApplication", "FirstMVCWebApplication\FirstMVCWebApplication.csproj", "{F4973CFD-A7A1-47D1-B20B-518724C0F128}"
EndProject
Project("{FAE04EC0-301F-11D3-BF4B-00C04F79EFBC}") = "FirstMVCWebApplication.Tests", "FirstMVCWebApplication.Tests\FirstMVCWebApplication.Tests.csproj", "{01D734E1-2F34-4E00-809F-E9AD1AADB284}"
EndProject
Global
	GlobalSection(SolutionConfigurationPlatforms) = preSolution
		Debug|Any CPU = Debug|Any CPU
		Release|Any CPU = Release|Any CPU
	EndGlobalSection
	GlobalSection(ProjectConfigurationPlatforms) = postSolution
		{F4973CFD-A7A1-47D1-B20B-518724C0F128}.Debug|Any CPU.ActiveCfg = Debug|Any CPU
		{F4973CFD-A7A1-47D1-B20B-518724C0F128}.Debug|Any CPU.Build.0 = Debug|Any CPU
		{F4973CFD-A7A1-47D1-B20B-518724C0F128}.Release|Any CPU.ActiveCfg = Release|Any CPU
		{F4973CFD-A7A1-47D1-B20B-518724C0F128}.Release|Any CPU.Build.0 = Release|Any CPU
		{01D734E1-2F34-4E00-809F-E9AD1AADB284}.Debug|Any CPU.ActiveCfg = Debug|Any CPU
		{01D734E1-2F34-4E00-809F-E9AD1AADB284}.Debug|Any CPU.Build.0 = Debug|Any CPU
		{01D734E1-2F34-4E00-809F-E9AD1AADB284}.Release|Any CPU.ActiveCfg = Release|Any CPU
		{01D734E1-2F34-4E00-809F-E9AD1AADB284}.Release|Any CPU.Build.0 = Release|Any CPU
	EndGlobalSection
	GlobalSection(SolutionProperties) = preSolution
		HideSolutionNode = FALSE
	EndGlobalSection
	GlobalSection(ExtensibilityGlobals) = postSolution
		SolutionGuid = {4A3272D5-67C5-4A2D-8E13-838559575326}
	EndGlobalSection
EndGlobal
